
Microsoft Visual Studio Solution File, Format Version 12.00
# Visual Studio Version 17
VisualStudioVersion = 17.3.32901.215
MinimumVisualStudioVersion = 10.0.40219.1
Project("{FAE04EC0-301F-11D3-BF4B-00C04F79EFBC}") = "resim_yurutme", "resim_yurutme\resim_yurutme.csproj", "{C85F3DD2-361D-4B31-8DA3-8612C832786A}"
EndProject
Global
	GlobalSection(SolutionConfigurationPlatforms) = preSolution
		Debug|Any CPU = Debug|Any CPU
		Release|Any CPU = Release|Any CPU
	EndGlobalSection
	GlobalSection(ProjectConfigurationPlatforms) = postSolution
		{C85F3DD2-361D-4B31-8DA3-8612C832786A}.Debug|Any CPU.ActiveCfg = Debug|Any CPU
		{C85F3DD2-361D-4B31-8DA3-8612C832786A}.Debug|Any CPU.Build.0 = Debug|Any CPU
		{C85F3DD2-361D-4B31-8DA3-8612C832786A}.Release|Any CPU.ActiveCfg = Release|Any CPU
		{C85F3DD2-361D-4B31-8DA3-8612C832786A}.Release|Any CPU.Build.0 = Release|Any CPU
	EndGlobalSection
	GlobalSection(SolutionProperties) = preSolution
		HideSolutionNode = FALSE
	EndGlobalSection
	GlobalSection(ExtensibilityGlobals) = postSolution
		SolutionGuid = {87A474AB-E5E7-48F6-B7A4-8209A8B81811}
	EndGlobalSection
EndGlobal
